// !$*UTF8*$!
{
	archiveVersion = 1;
	classes = {
	};
	objectVersion = 51;
	objects = {

/* Begin PBXBuildFile section */
		00819A41A665809B074D131E /* Pods_Practice2_Contacts.framework in Frameworks */ = {isa = PBXBuildFile; fileRef = 6403CFC53E9B7666C8F7D679 /* Pods_Practice2_Contacts.framework */; };
		CA427B14250215800094DD36 /* R.generated.swift in Sources */ = {isa = PBXBuildFile; fileRef = CA427B13250215800094DD36 /* R.generated.swift */; };
		CA427B18250216070094DD36 /* Coordinator.swift in Sources */ = {isa = PBXBuildFile; fileRef = CA427B17250216070094DD36 /* Coordinator.swift */; };
		CA427B1A250216280094DD36 /* AppCoordinator.swift in Sources */ = {isa = PBXBuildFile; fileRef = CA427B19250216280094DD36 /* AppCoordinator.swift */; };
		CA427B22250219660094DD36 /* ContactsListCoordinator.swift in Sources */ = {isa = PBXBuildFile; fileRef = CA427B21250219660094DD36 /* ContactsListCoordinator.swift */; };
		CA427B24250219730094DD36 /* ContactsListViewModel.swift in Sources */ = {isa = PBXBuildFile; fileRef = CA427B23250219730094DD36 /* ContactsListViewModel.swift */; };
		CA427B26250219810094DD36 /* ContactsListViewController.swift in Sources */ = {isa = PBXBuildFile; fileRef = CA427B25250219810094DD36 /* ContactsListViewController.swift */; };
		CA427B2825021BF40094DD36 /* ContactsList.strings in Resources */ = {isa = PBXBuildFile; fileRef = CA427B2725021BF40094DD36 /* ContactsList.strings */; };
		CA427B2A25021CAD0094DD36 /* Contact.strings in Resources */ = {isa = PBXBuildFile; fileRef = CA427B2925021CAD0094DD36 /* Contact.strings */; };
		CA427B2D25021FD90094DD36 /* ErrorAlert.swift in Sources */ = {isa = PBXBuildFile; fileRef = CA427B2C25021FD90094DD36 /* ErrorAlert.swift */; };
		CA427B2F25021FFA0094DD36 /* Common.strings in Resources */ = {isa = PBXBuildFile; fileRef = CA427B2E25021FF90094DD36 /* Common.strings */; };
		CA427B32250231E40094DD36 /* Contact.swift in Sources */ = {isa = PBXBuildFile; fileRef = CA427B31250231E40094DD36 /* Contact.swift */; };
		CA5B34EB250606CC00335C37 /* CreateContactViewModel.swift in Sources */ = {isa = PBXBuildFile; fileRef = CA5B34EA250606CC00335C37 /* CreateContactViewModel.swift */; };
		CA5B34ED250606DB00335C37 /* CreateContactViewController.swift in Sources */ = {isa = PBXBuildFile; fileRef = CA5B34EC250606DB00335C37 /* CreateContactViewController.swift */; };
		CA5B34EF250606F100335C37 /* CreateContactCoordinator.swift in Sources */ = {isa = PBXBuildFile; fileRef = CA5B34EE250606F100335C37 /* CreateContactCoordinator.swift */; };
		CA5B34F4250609AC00335C37 /* Contact.swift in Sources */ = {isa = PBXBuildFile; fileRef = CA5B34F3250609AC00335C37 /* Contact.swift */; };
		CA5B34F8250617BA00335C37 /* TextFieldBottomBorder.swift in Sources */ = {isa = PBXBuildFile; fileRef = CA5B34F7250617BA00335C37 /* TextFieldBottomBorder.swift */; };
		CA5B34FA25061C3000335C37 /* ImagePicker.swift in Sources */ = {isa = PBXBuildFile; fileRef = CA5B34F925061C3000335C37 /* ImagePicker.swift */; };
		CA5B34FC25062F8500335C37 /* InputAccessoryForTextFields.swift in Sources */ = {isa = PBXBuildFile; fileRef = CA5B34FB25062F8500335C37 /* InputAccessoryForTextFields.swift */; };
		CA5B34FE250754F300335C37 /* CreateContact.strings in Resources */ = {isa = PBXBuildFile; fileRef = CA5B34FD250754F300335C37 /* CreateContact.strings */; };
		CABF3E3224CC89200039C72B /* AppDelegate.swift in Sources */ = {isa = PBXBuildFile; fileRef = CABF3E3124CC89200039C72B /* AppDelegate.swift */; };
		CABF3E3B24CC89280039C72B /* Assets.xcassets in Resources */ = {isa = PBXBuildFile; fileRef = CABF3E3A24CC89280039C72B /* Assets.xcassets */; };
		CABF3E3E24CC89280039C72B /* LaunchScreen.storyboard in Resources */ = {isa = PBXBuildFile; fileRef = CABF3E3C24CC89280039C72B /* LaunchScreen.storyboard */; };
/* End PBXBuildFile section */

/* Begin PBXFileReference section */
		6403CFC53E9B7666C8F7D679 /* Pods_Practice2_Contacts.framework */ = {isa = PBXFileReference; explicitFileType = wrapper.framework; includeInIndex = 0; path = Pods_Practice2_Contacts.framework; sourceTree = BUILT_PRODUCTS_DIR; };
		76A224F2B5E4096FC17F670A /* Pods-Practice2-Contacts.debug.xcconfig */ = {isa = PBXFileReference; includeInIndex = 1; lastKnownFileType = text.xcconfig; name = "Pods-Practice2-Contacts.debug.xcconfig"; path = "Target Support Files/Pods-Practice2-Contacts/Pods-Practice2-Contacts.debug.xcconfig"; sourceTree = "<group>"; };
		8F2F188DB31B059103E305F1 /* Pods-Practice2-Contacts.release.xcconfig */ = {isa = PBXFileReference; includeInIndex = 1; lastKnownFileType = text.xcconfig; name = "Pods-Practice2-Contacts.release.xcconfig"; path = "Target Support Files/Pods-Practice2-Contacts/Pods-Practice2-Contacts.release.xcconfig"; sourceTree = "<group>"; };
		CA427B13250215800094DD36 /* R.generated.swift */ = {isa = PBXFileReference; fileEncoding = 4; lastKnownFileType = sourcecode.swift; path = R.generated.swift; sourceTree = "<group>"; };
		CA427B17250216070094DD36 /* Coordinator.swift */ = {isa = PBXFileReference; lastKnownFileType = sourcecode.swift; path = Coordinator.swift; sourceTree = "<group>"; };
		CA427B19250216280094DD36 /* AppCoordinator.swift */ = {isa = PBXFileReference; lastKnownFileType = sourcecode.swift; path = AppCoordinator.swift; sourceTree = "<group>"; };
		CA427B21250219660094DD36 /* ContactsListCoordinator.swift */ = {isa = PBXFileReference; lastKnownFileType = sourcecode.swift; path = ContactsListCoordinator.swift; sourceTree = "<group>"; };
		CA427B23250219730094DD36 /* ContactsListViewModel.swift */ = {isa = PBXFileReference; lastKnownFileType = sourcecode.swift; path = ContactsListViewModel.swift; sourceTree = "<group>"; };
		CA427B25250219810094DD36 /* ContactsListViewController.swift */ = {isa = PBXFileReference; lastKnownFileType = sourcecode.swift; path = ContactsListViewController.swift; sourceTree = "<group>"; };
		CA427B2725021BF40094DD36 /* ContactsList.strings */ = {isa = PBXFileReference; lastKnownFileType = text.plist.strings; path = ContactsList.strings; sourceTree = "<group>"; };
		CA427B2925021CAD0094DD36 /* Contact.strings */ = {isa = PBXFileReference; lastKnownFileType = text.plist.strings; path = Contact.strings; sourceTree = "<group>"; };
		CA427B2C25021FD90094DD36 /* ErrorAlert.swift */ = {isa = PBXFileReference; lastKnownFileType = sourcecode.swift; path = ErrorAlert.swift; sourceTree = "<group>"; };
		CA427B2E25021FF90094DD36 /* Common.strings */ = {isa = PBXFileReference; lastKnownFileType = text.plist.strings; path = Common.strings; sourceTree = "<group>"; };
		CA427B31250231E40094DD36 /* Contact.swift */ = {isa = PBXFileReference; lastKnownFileType = sourcecode.swift; path = Contact.swift; sourceTree = "<group>"; };
		CA5B34EA250606CC00335C37 /* CreateContactViewModel.swift */ = {isa = PBXFileReference; lastKnownFileType = sourcecode.swift; path = CreateContactViewModel.swift; sourceTree = "<group>"; };
		CA5B34EC250606DB00335C37 /* CreateContactViewController.swift */ = {isa = PBXFileReference; lastKnownFileType = sourcecode.swift; path = CreateContactViewController.swift; sourceTree = "<group>"; };
		CA5B34EE250606F100335C37 /* CreateContactCoordinator.swift */ = {isa = PBXFileReference; lastKnownFileType = sourcecode.swift; path = CreateContactCoordinator.swift; sourceTree = "<group>"; };
		CA5B34F3250609AC00335C37 /* Contact.swift */ = {isa = PBXFileReference; lastKnownFileType = sourcecode.swift; path = Contact.swift; sourceTree = "<group>"; };
		CA5B34F7250617BA00335C37 /* TextFieldBottomBorder.swift */ = {isa = PBXFileReference; lastKnownFileType = sourcecode.swift; path = TextFieldBottomBorder.swift; sourceTree = "<group>"; };
		CA5B34F925061C3000335C37 /* ImagePicker.swift */ = {isa = PBXFileReference; lastKnownFileType = sourcecode.swift; path = ImagePicker.swift; sourceTree = "<group>"; };
		CA5B34FB25062F8500335C37 /* InputAccessoryForTextFields.swift */ = {isa = PBXFileReference; lastKnownFileType = sourcecode.swift; path = InputAccessoryForTextFields.swift; sourceTree = "<group>"; };
		CA5B34FD250754F300335C37 /* CreateContact.strings */ = {isa = PBXFileReference; lastKnownFileType = text.plist.strings; name = CreateContact.strings; path = "Practice2-Contacts/Extension/CreateContact.strings"; sourceTree = SOURCE_ROOT; };
		CABF3E2E24CC89200039C72B /* Practice2-Contacts.app */ = {isa = PBXFileReference; explicitFileType = wrapper.application; includeInIndex = 0; path = "Practice2-Contacts.app"; sourceTree = BUILT_PRODUCTS_DIR; };
		CABF3E3124CC89200039C72B /* AppDelegate.swift */ = {isa = PBXFileReference; lastKnownFileType = sourcecode.swift; path = AppDelegate.swift; sourceTree = "<group>"; };
		CABF3E3A24CC89280039C72B /* Assets.xcassets */ = {isa = PBXFileReference; lastKnownFileType = folder.assetcatalog; path = Assets.xcassets; sourceTree = "<group>"; };
		CABF3E3D24CC89280039C72B /* Base */ = {isa = PBXFileReference; lastKnownFileType = file.storyboard; name = Base; path = Base.lproj/LaunchScreen.storyboard; sourceTree = "<group>"; };
		CABF3E3F24CC89280039C72B /* Info.plist */ = {isa = PBXFileReference; lastKnownFileType = text.plist.xml; path = Info.plist; sourceTree = "<group>"; };
/* End PBXFileReference section */

/* Begin PBXFrameworksBuildPhase section */
		CABF3E2B24CC89200039C72B /* Frameworks */ = {
			isa = PBXFrameworksBuildPhase;
			buildActionMask = 2147483647;
			files = (
				00819A41A665809B074D131E /* Pods_Practice2_Contacts.framework in Frameworks */,
			);
			runOnlyForDeploymentPostprocessing = 0;
		};
/* End PBXFrameworksBuildPhase section */

/* Begin PBXGroup section */
		48A16B6E4623F66CEC19A866 /* Pods */ = {
			isa = PBXGroup;
			children = (
				76A224F2B5E4096FC17F670A /* Pods-Practice2-Contacts.debug.xcconfig */,
				8F2F188DB31B059103E305F1 /* Pods-Practice2-Contacts.release.xcconfig */,
			);
			path = Pods;
			sourceTree = "<group>";
		};
		9EA8F0D1ADACCA90A906D2B6 /* Frameworks */ = {
			isa = PBXGroup;
			children = (
				6403CFC53E9B7666C8F7D679 /* Pods_Practice2_Contacts.framework */,
			);
			name = Frameworks;
			sourceTree = "<group>";
		};
		CA427B12250215800094DD36 /* Resources */ = {
			isa = PBXGroup;
			children = (
				CA427B13250215800094DD36 /* R.generated.swift */,
			);
			path = Resources;
			sourceTree = "<group>";
		};
		CA427B15250215D00094DD36 /* Resources */ = {
			isa = PBXGroup;
			children = (
				CA427B16250215E20094DD36 /* Stings */,
				CABF3E3A24CC89280039C72B /* Assets.xcassets */,
			);
			path = Resources;
			sourceTree = "<group>";
		};
		CA427B16250215E20094DD36 /* Stings */ = {
			isa = PBXGroup;
			children = (
				CA427B2725021BF40094DD36 /* ContactsList.strings */,
				CA427B2925021CAD0094DD36 /* Contact.strings */,
				CA427B2E25021FF90094DD36 /* Common.strings */,
				CA5B34FD250754F300335C37 /* CreateContact.strings */,
			);
			path = Stings;
			sourceTree = "<group>";
		};
		CA427B20250219430094DD36 /* ContactsList */ = {
			isa = PBXGroup;
			children = (
				CA427B25250219810094DD36 /* ContactsListViewController.swift */,
				CA427B23250219730094DD36 /* ContactsListViewModel.swift */,
				CA427B21250219660094DD36 /* ContactsListCoordinator.swift */,
			);
			path = ContactsList;
			sourceTree = "<group>";
		};
		CA427B2B25021FC10094DD36 /* Extensions */ = {
			isa = PBXGroup;
			children = (
				CA427B2C25021FD90094DD36 /* ErrorAlert.swift */,
			);
			path = Extensions;
			sourceTree = "<group>";
		};
		CA427B30250231D20094DD36 /* Models */ = {
			isa = PBXGroup;
			children = (
				CA427B31250231E40094DD36 /* Contact.swift */,
			);
			path = Models;
		CA5B34E9250606AB00335C37 /* CreateContact */ = {
			isa = PBXGroup;
			children = (
				CA5B34EA250606CC00335C37 /* CreateContactViewModel.swift */,
				CA5B34EC250606DB00335C37 /* CreateContactViewController.swift */,
				CA5B34EE250606F100335C37 /* CreateContactCoordinator.swift */,
				CA5B34F925061C3000335C37 /* ImagePicker.swift */,
			);
			path = CreateContact;
			sourceTree = "<group>";
		};
		CA5B34F2250609A200335C37 /* Models */ = {
			isa = PBXGroup;
			children = (
				CA5B34F3250609AC00335C37 /* Contact.swift */,
			);
			path = Models;
			sourceTree = "<group>";
		};
		CA5B34F62506179C00335C37 /* Extension */ = {
			isa = PBXGroup;
			children = (
				CA5B34F7250617BA00335C37 /* TextFieldBottomBorder.swift */,
				CA5B34FB25062F8500335C37 /* InputAccessoryForTextFields.swift */,
			);
			path = Extension;
			sourceTree = "<group>";
		};
		CABF3E2524CC89200039C72B = {
			isa = PBXGroup;
			children = (
				CA427B12250215800094DD36 /* Resources */,
				CABF3E3024CC89200039C72B /* Practice2-Contacts */,
				CABF3E2F24CC89200039C72B /* Products */,
				48A16B6E4623F66CEC19A866 /* Pods */,
				9EA8F0D1ADACCA90A906D2B6 /* Frameworks */,
			);
			sourceTree = "<group>";
		};
		CABF3E2F24CC89200039C72B /* Products */ = {
			isa = PBXGroup;
			children = (
				CABF3E2E24CC89200039C72B /* Practice2-Contacts.app */,
			);
			name = Products;
			sourceTree = "<group>";
		};
		CABF3E3024CC89200039C72B /* Practice2-Contacts */ = {
			isa = PBXGroup;
			children = (
				CA5B34F62506179C00335C37 /* Extension */,
				CA427B15250215D00094DD36 /* Resources */,
				CA427B30250231D20094DD36 /* Models */,
				CA427B2B25021FC10094DD36 /* Extensions */,
				CA427B20250219430094DD36 /* ContactsList */,
				CA5B34F2250609A200335C37 /* Models */,
				CA5B34E9250606AB00335C37 /* CreateContact */,
				CABF3E3124CC89200039C72B /* AppDelegate.swift */,
				CABF3E3C24CC89280039C72B /* LaunchScreen.storyboard */,
				CABF3E3F24CC89280039C72B /* Info.plist */,
				CA427B17250216070094DD36 /* Coordinator.swift */,
				CA427B19250216280094DD36 /* AppCoordinator.swift */,
			);
			path = "Practice2-Contacts";
			sourceTree = "<group>";
		};
/* End PBXGroup section */

/* Begin PBXNativeTarget section */
		CABF3E2D24CC89200039C72B /* Practice2-Contacts */ = {
			isa = PBXNativeTarget;
			buildConfigurationList = CABF3E4224CC89280039C72B /* Build configuration list for PBXNativeTarget "Practice2-Contacts" */;
			buildPhases = (
				14E20DE5A2A0AD7393BF08A9 /* [CP] Check Pods Manifest.lock */,
				CA427B102502151E0094DD36 /* ShellScript */,
				CA427B11250215460094DD36 /* ShellScript */,
				CABF3E2A24CC89200039C72B /* Sources */,
				CABF3E2B24CC89200039C72B /* Frameworks */,
				CABF3E2C24CC89200039C72B /* Resources */,
				BBB23EC96720253D6659145A /* [CP] Embed Pods Frameworks */,
			);
			buildRules = (
			);
			dependencies = (
			);
			name = "Practice2-Contacts";
			productName = "Practice2-Contacts";
			productReference = CABF3E2E24CC89200039C72B /* Practice2-Contacts.app */;
			productType = "com.apple.product-type.application";
		};
/* End PBXNativeTarget section */

/* Begin PBXProject section */
		CABF3E2624CC89200039C72B /* Project object */ = {
			isa = PBXProject;
			attributes = {
				LastSwiftUpdateCheck = 1150;
				LastUpgradeCheck = 1150;
				ORGANIZATIONNAME = "Кристина Перегудова";
				TargetAttributes = {
					CABF3E2D24CC89200039C72B = {
						CreatedOnToolsVersion = 11.5;
					};
				};
			};
			buildConfigurationList = CABF3E2924CC89200039C72B /* Build configuration list for PBXProject "Practice2-Contacts" */;
			compatibilityVersion = "Xcode 9.3";
			developmentRegion = en;
			hasScannedForEncodings = 0;
			knownRegions = (
				en,
				Base,
			);
			mainGroup = CABF3E2524CC89200039C72B;
			productRefGroup = CABF3E2F24CC89200039C72B /* Products */;
			projectDirPath = "";
			projectRoot = "";
			targets = (
				CABF3E2D24CC89200039C72B /* Practice2-Contacts */,
			);
		};
/* End PBXProject section */

/* Begin PBXResourcesBuildPhase section */
		CABF3E2C24CC89200039C72B /* Resources */ = {
			isa = PBXResourcesBuildPhase;
			buildActionMask = 2147483647;
			files = (
				CA427B2F25021FFA0094DD36 /* Common.strings in Resources */,
				CABF3E3E24CC89280039C72B /* LaunchScreen.storyboard in Resources */,
				CA427B2825021BF40094DD36 /* ContactsList.strings in Resources */,
				CABF3E3B24CC89280039C72B /* Assets.xcassets in Resources */,
				CA427B2A25021CAD0094DD36 /* Contact.strings in Resources */,
				CA5B34FE250754F300335C37 /* CreateContact.strings in Resources */,
			);
			runOnlyForDeploymentPostprocessing = 0;
		};
/* End PBXResourcesBuildPhase section */

/* Begin PBXShellScriptBuildPhase section */
		14E20DE5A2A0AD7393BF08A9 /* [CP] Check Pods Manifest.lock */ = {
			isa = PBXShellScriptBuildPhase;
			buildActionMask = 2147483647;
			files = (
			);
			inputFileListPaths = (
			);
			inputPaths = (
				"${PODS_PODFILE_DIR_PATH}/Podfile.lock",
				"${PODS_ROOT}/Manifest.lock",
			);
			name = "[CP] Check Pods Manifest.lock";
			outputFileListPaths = (
			);
			outputPaths = (
				"$(DERIVED_FILE_DIR)/Pods-Practice2-Contacts-checkManifestLockResult.txt",
			);
			runOnlyForDeploymentPostprocessing = 0;
			shellPath = /bin/sh;
			shellScript = "diff \"${PODS_PODFILE_DIR_PATH}/Podfile.lock\" \"${PODS_ROOT}/Manifest.lock\" > /dev/null\nif [ $? != 0 ] ; then\n    # print error to STDERR\n    echo \"error: The sandbox is not in sync with the Podfile.lock. Run 'pod install' or update your CocoaPods installation.\" >&2\n    exit 1\nfi\n# This output is used by Xcode 'outputs' to avoid re-running this script phase.\necho \"SUCCESS\" > \"${SCRIPT_OUTPUT_FILE_0}\"\n";
			showEnvVarsInLog = 0;
		};
		BBB23EC96720253D6659145A /* [CP] Embed Pods Frameworks */ = {
			isa = PBXShellScriptBuildPhase;
			buildActionMask = 2147483647;
			files = (
			);
			inputFileListPaths = (
				"${PODS_ROOT}/Target Support Files/Pods-Practice2-Contacts/Pods-Practice2-Contacts-frameworks-${CONFIGURATION}-input-files.xcfilelist",
			);
			name = "[CP] Embed Pods Frameworks";
			outputFileListPaths = (
				"${PODS_ROOT}/Target Support Files/Pods-Practice2-Contacts/Pods-Practice2-Contacts-frameworks-${CONFIGURATION}-output-files.xcfilelist",
			);
			runOnlyForDeploymentPostprocessing = 0;
			shellPath = /bin/sh;
			shellScript = "\"${PODS_ROOT}/Target Support Files/Pods-Practice2-Contacts/Pods-Practice2-Contacts-frameworks.sh\"\n";
			showEnvVarsInLog = 0;
		};
		CA427B102502151E0094DD36 /* ShellScript */ = {
			isa = PBXShellScriptBuildPhase;
			buildActionMask = 2147483647;
			files = (
			);
			inputFileListPaths = (
			);
			inputPaths = (
				"$TEMP_DIR/rswift-lastrun",
			);
			outputFileListPaths = (
			);
			outputPaths = (
				$SRCROOT/Resources/R.generated.swift,
			);
			runOnlyForDeploymentPostprocessing = 0;
			shellPath = /bin/sh;
			shellScript = "\"$PODS_ROOT/R.swift/rswift\" generate \"$SRCROOT/Resources/R.generated.swift\"\n";
		};
		CA427B11250215460094DD36 /* ShellScript */ = {
			isa = PBXShellScriptBuildPhase;
			buildActionMask = 2147483647;
			files = (
			);
			inputFileListPaths = (
			);
			inputPaths = (
			);
			outputFileListPaths = (
			);
			outputPaths = (
			);
			runOnlyForDeploymentPostprocessing = 0;
			shellPath = /bin/sh;
			shellScript = "${PODS_ROOT}/SwiftLint/swiftlint\n";
		};
/* End PBXShellScriptBuildPhase section */

/* Begin PBXSourcesBuildPhase section */
		CABF3E2A24CC89200039C72B /* Sources */ = {
			isa = PBXSourcesBuildPhase;
			buildActionMask = 2147483647;
			files = (
				CA5B34F4250609AC00335C37 /* Contact.swift in Sources */,
				CA5B34EB250606CC00335C37 /* CreateContactViewModel.swift in Sources */,
				CA427B1A250216280094DD36 /* AppCoordinator.swift in Sources */,
				CA427B24250219730094DD36 /* ContactsListViewModel.swift in Sources */,
				CA427B22250219660094DD36 /* ContactsListCoordinator.swift in Sources */,
				CABF3E3224CC89200039C72B /* AppDelegate.swift in Sources */,
				CA427B26250219810094DD36 /* ContactsListViewController.swift in Sources */,
				CA427B2D25021FD90094DD36 /* ErrorAlert.swift in Sources */,
				CA5B34F8250617BA00335C37 /* TextFieldBottomBorder.swift in Sources */,
				CA427B18250216070094DD36 /* Coordinator.swift in Sources */,
				CA427B14250215800094DD36 /* R.generated.swift in Sources */,
				CA5B34FA25061C3000335C37 /* ImagePicker.swift in Sources */,
				CA5B34FC25062F8500335C37 /* InputAccessoryForTextFields.swift in Sources */,
				CA5B34EF250606F100335C37 /* CreateContactCoordinator.swift in Sources */,
				CA5B34ED250606DB00335C37 /* CreateContactViewController.swift in Sources */,
			);
			runOnlyForDeploymentPostprocessing = 0;
		};
/* End PBXSourcesBuildPhase section */

/* Begin PBXVariantGroup section */
		CABF3E3C24CC89280039C72B /* LaunchScreen.storyboard */ = {
			isa = PBXVariantGroup;
			children = (
				CABF3E3D24CC89280039C72B /* Base */,
			);
			name = LaunchScreen.storyboard;
			sourceTree = "<group>";
		};
/* End PBXVariantGroup section */

/* Begin XCBuildConfiguration section */
		CABF3E4024CC89280039C72B /* Debug */ = {
			isa = XCBuildConfiguration;
			buildSettings = {
				ALWAYS_SEARCH_USER_PATHS = NO;
				CLANG_ANALYZER_NONNULL = YES;
				CLANG_ANALYZER_NUMBER_OBJECT_CONVERSION = YES_AGGRESSIVE;
				CLANG_CXX_LANGUAGE_STANDARD = "gnu++14";
				CLANG_CXX_LIBRARY = "libc++";
				CLANG_ENABLE_MODULES = YES;
				CLANG_ENABLE_OBJC_ARC = YES;
				CLANG_ENABLE_OBJC_WEAK = YES;
				CLANG_WARN_BLOCK_CAPTURE_AUTORELEASING = YES;
				CLANG_WARN_BOOL_CONVERSION = YES;
				CLANG_WARN_COMMA = YES;
				CLANG_WARN_CONSTANT_CONVERSION = YES;
				CLANG_WARN_DEPRECATED_OBJC_IMPLEMENTATIONS = YES;
				CLANG_WARN_DIRECT_OBJC_ISA_USAGE = YES_ERROR;
				CLANG_WARN_DOCUMENTATION_COMMENTS = YES;
				CLANG_WARN_EMPTY_BODY = YES;
				CLANG_WARN_ENUM_CONVERSION = YES;
				CLANG_WARN_INFINITE_RECURSION = YES;
				CLANG_WARN_INT_CONVERSION = YES;
				CLANG_WARN_NON_LITERAL_NULL_CONVERSION = YES;
				CLANG_WARN_OBJC_IMPLICIT_RETAIN_SELF = YES;
				CLANG_WARN_OBJC_LITERAL_CONVERSION = YES;
				CLANG_WARN_OBJC_ROOT_CLASS = YES_ERROR;
				CLANG_WARN_RANGE_LOOP_ANALYSIS = YES;
				CLANG_WARN_STRICT_PROTOTYPES = YES;
				CLANG_WARN_SUSPICIOUS_MOVE = YES;
				CLANG_WARN_UNGUARDED_AVAILABILITY = YES_AGGRESSIVE;
				CLANG_WARN_UNREACHABLE_CODE = YES;
				CLANG_WARN__DUPLICATE_METHOD_MATCH = YES;
				COPY_PHASE_STRIP = NO;
				DEBUG_INFORMATION_FORMAT = dwarf;
				ENABLE_STRICT_OBJC_MSGSEND = YES;
				ENABLE_TESTABILITY = YES;
				GCC_C_LANGUAGE_STANDARD = gnu11;
				GCC_DYNAMIC_NO_PIC = NO;
				GCC_NO_COMMON_BLOCKS = YES;
				GCC_OPTIMIZATION_LEVEL = 0;
				GCC_PREPROCESSOR_DEFINITIONS = (
					"DEBUG=1",
					"$(inherited)",
				);
				GCC_WARN_64_TO_32_BIT_CONVERSION = YES;
				GCC_WARN_ABOUT_RETURN_TYPE = YES_ERROR;
				GCC_WARN_UNDECLARED_SELECTOR = YES;
				GCC_WARN_UNINITIALIZED_AUTOS = YES_AGGRESSIVE;
				GCC_WARN_UNUSED_FUNCTION = YES;
				GCC_WARN_UNUSED_VARIABLE = YES;
				IPHONEOS_DEPLOYMENT_TARGET = 13.5;
				MTL_ENABLE_DEBUG_INFO = INCLUDE_SOURCE;
				MTL_FAST_MATH = YES;
				ONLY_ACTIVE_ARCH = YES;
				SDKROOT = iphoneos;
				SWIFT_ACTIVE_COMPILATION_CONDITIONS = DEBUG;
				SWIFT_OPTIMIZATION_LEVEL = "-Onone";
			};
			name = Debug;
		};
		CABF3E4124CC89280039C72B /* Release */ = {
			isa = XCBuildConfiguration;
			buildSettings = {
				ALWAYS_SEARCH_USER_PATHS = NO;
				CLANG_ANALYZER_NONNULL = YES;
				CLANG_ANALYZER_NUMBER_OBJECT_CONVERSION = YES_AGGRESSIVE;
				CLANG_CXX_LANGUAGE_STANDARD = "gnu++14";
				CLANG_CXX_LIBRARY = "libc++";
				CLANG_ENABLE_MODULES = YES;
				CLANG_ENABLE_OBJC_ARC = YES;
				CLANG_ENABLE_OBJC_WEAK = YES;
				CLANG_WARN_BLOCK_CAPTURE_AUTORELEASING = YES;
				CLANG_WARN_BOOL_CONVERSION = YES;
				CLANG_WARN_COMMA = YES;
				CLANG_WARN_CONSTANT_CONVERSION = YES;
				CLANG_WARN_DEPRECATED_OBJC_IMPLEMENTATIONS = YES;
				CLANG_WARN_DIRECT_OBJC_ISA_USAGE = YES_ERROR;
				CLANG_WARN_DOCUMENTATION_COMMENTS = YES;
				CLANG_WARN_EMPTY_BODY = YES;
				CLANG_WARN_ENUM_CONVERSION = YES;
				CLANG_WARN_INFINITE_RECURSION = YES;
				CLANG_WARN_INT_CONVERSION = YES;
				CLANG_WARN_NON_LITERAL_NULL_CONVERSION = YES;
				CLANG_WARN_OBJC_IMPLICIT_RETAIN_SELF = YES;
				CLANG_WARN_OBJC_LITERAL_CONVERSION = YES;
				CLANG_WARN_OBJC_ROOT_CLASS = YES_ERROR;
				CLANG_WARN_RANGE_LOOP_ANALYSIS = YES;
				CLANG_WARN_STRICT_PROTOTYPES = YES;
				CLANG_WARN_SUSPICIOUS_MOVE = YES;
				CLANG_WARN_UNGUARDED_AVAILABILITY = YES_AGGRESSIVE;
				CLANG_WARN_UNREACHABLE_CODE = YES;
				CLANG_WARN__DUPLICATE_METHOD_MATCH = YES;
				COPY_PHASE_STRIP = NO;
				DEBUG_INFORMATION_FORMAT = "dwarf-with-dsym";
				ENABLE_NS_ASSERTIONS = NO;
				ENABLE_STRICT_OBJC_MSGSEND = YES;
				GCC_C_LANGUAGE_STANDARD = gnu11;
				GCC_NO_COMMON_BLOCKS = YES;
				GCC_WARN_64_TO_32_BIT_CONVERSION = YES;
				GCC_WARN_ABOUT_RETURN_TYPE = YES_ERROR;
				GCC_WARN_UNDECLARED_SELECTOR = YES;
				GCC_WARN_UNINITIALIZED_AUTOS = YES_AGGRESSIVE;
				GCC_WARN_UNUSED_FUNCTION = YES;
				GCC_WARN_UNUSED_VARIABLE = YES;
				IPHONEOS_DEPLOYMENT_TARGET = 13.5;
				MTL_ENABLE_DEBUG_INFO = NO;
				MTL_FAST_MATH = YES;
				SDKROOT = iphoneos;
				SWIFT_COMPILATION_MODE = wholemodule;
				SWIFT_OPTIMIZATION_LEVEL = "-O";
				VALIDATE_PRODUCT = YES;
			};
			name = Release;
		};
		CABF3E4324CC89280039C72B /* Debug */ = {
			isa = XCBuildConfiguration;
			baseConfigurationReference = 76A224F2B5E4096FC17F670A /* Pods-Practice2-Contacts.debug.xcconfig */;
			buildSettings = {
				ASSETCATALOG_COMPILER_APPICON_NAME = AppIcon;
				CODE_SIGN_STYLE = Automatic;
				DEVELOPMENT_TEAM = 7NZPBTA9R6;
				INFOPLIST_FILE = "Practice2-Contacts/Info.plist";
				LD_RUNPATH_SEARCH_PATHS = (
					"$(inherited)",
					"@executable_path/Frameworks",
				);
				PRODUCT_BUNDLE_IDENTIFIER = "com.perekrist.Practice2-Contacts";
				PRODUCT_NAME = "$(TARGET_NAME)";
				SWIFT_VERSION = 5.0;
				TARGETED_DEVICE_FAMILY = "1,2";
			};
			name = Debug;
		};
		CABF3E4424CC89280039C72B /* Release */ = {
			isa = XCBuildConfiguration;
			baseConfigurationReference = 8F2F188DB31B059103E305F1 /* Pods-Practice2-Contacts.release.xcconfig */;
			buildSettings = {
				ASSETCATALOG_COMPILER_APPICON_NAME = AppIcon;
				CODE_SIGN_STYLE = Automatic;
				DEVELOPMENT_TEAM = 7NZPBTA9R6;
				INFOPLIST_FILE = "Practice2-Contacts/Info.plist";
				LD_RUNPATH_SEARCH_PATHS = (
					"$(inherited)",
					"@executable_path/Frameworks",
				);
				PRODUCT_BUNDLE_IDENTIFIER = "com.perekrist.Practice2-Contacts";
				PRODUCT_NAME = "$(TARGET_NAME)";
				SWIFT_VERSION = 5.0;
				TARGETED_DEVICE_FAMILY = "1,2";
			};
			name = Release;
		};
/* End XCBuildConfiguration section */

/* Begin XCConfigurationList section */
		CABF3E2924CC89200039C72B /* Build configuration list for PBXProject "Practice2-Contacts" */ = {
			isa = XCConfigurationList;
			buildConfigurations = (
				CABF3E4024CC89280039C72B /* Debug */,
				CABF3E4124CC89280039C72B /* Release */,
			);
			defaultConfigurationIsVisible = 0;
			defaultConfigurationName = Release;
		};
		CABF3E4224CC89280039C72B /* Build configuration list for PBXNativeTarget "Practice2-Contacts" */ = {
			isa = XCConfigurationList;
			buildConfigurations = (
				CABF3E4324CC89280039C72B /* Debug */,
				CABF3E4424CC89280039C72B /* Release */,
			);
			defaultConfigurationIsVisible = 0;
			defaultConfigurationName = Release;
		};
/* End XCConfigurationList section */
	};
	rootObject = CABF3E2624CC89200039C72B /* Project object */;
}
